
Microsoft Visual Studio Solution File, Format Version 12.00
# Visual Studio Version 16
VisualStudioVersion = 16.0.29009.5
MinimumVisualStudioVersion = 10.0.40219.1
Project("{FAE04EC0-301F-11D3-BF4B-00C04F79EFBC}") = "Remote Desktop Connection List Manager", "Remote Desktop Connection List Manager.csproj", "{D02BAB12-2532-43D0-829F-546F019A053D}"
EndProject
Global
	GlobalSection(SolutionConfigurationPlatforms) = preSolution
		Debug|Any CPU = Debug|Any CPU
		Release|Any CPU = Release|Any CPU
	EndGlobalSection
	GlobalSection(ProjectConfigurationPlatforms) = postSolution
		{D02BAB12-2532-43D0-829F-546F019A053D}.Debug|Any CPU.ActiveCfg = Debug|Any CPU
		{D02BAB12-2532-43D0-829F-546F019A053D}.Debug|Any CPU.Build.0 = Debug|Any CPU
		{D02BAB12-2532-43D0-829F-546F019A053D}.Release|Any CPU.ActiveCfg = Release|Any CPU
		{D02BAB12-2532-43D0-829F-546F019A053D}.Release|Any CPU.Build.0 = Release|Any CPU
	EndGlobalSection
	GlobalSection(SolutionProperties) = preSolution
		HideSolutionNode = FALSE
	EndGlobalSection
	GlobalSection(ExtensibilityGlobals) = postSolution
		SolutionGuid = {63CECFD3-B2A9-47EA-9260-77B4DD5B6873}
	EndGlobalSection
EndGlobal
